# THIS IS AN AUTOGENERATED FILE. DO NOT EDIT THIS FILE DIRECTLY.
# yarn lockfile v1


clarinet@^0.12.6:
  version "0.12.6"
  resolved "https://registry.yarnpkg.com/clarinet/-/clarinet-0.12.6.tgz#81ad20f33caee27bbbcb862c96dd925f1f57778e"
  integrity sha512-0FR+TrvLbYHLjhzs9oeIbd3yfZmd4u2DzYQEjUTm2dNfh4Y/9RIRWPjsm3aBtrVEpjKI7+lWa4ouqEXoml84mQ==
